// !$*UTF8*$!
{
	archiveVersion = 1;
	classes = {
	};
	objectVersion = 46;
	objects = {

/* Begin PBXBuildFile section */
		D3A184811ED2D54600447F87 /* main.m in Sources */ = {isa = PBXBuildFile; fileRef = D3A184801ED2D54600447F87 /* main.m */; };
		D3A184841ED2D54600447F87 /* AppDelegate.m in Sources */ = {isa = PBXBuildFile; fileRef = D3A184831ED2D54600447F87 /* AppDelegate.m */; };
		D3A184871ED2D54600447F87 /* ViewController.m in Sources */ = {isa = PBXBuildFile; fileRef = D3A184861ED2D54600447F87 /* ViewController.m */; };
		D3A1848A1ED2D54600447F87 /* Main.storyboard in Resources */ = {isa = PBXBuildFile; fileRef = D3A184881ED2D54600447F87 /* Main.storyboard */; };
		D3A1848C1ED2D54700447F87 /* Assets.xcassets in Resources */ = {isa = PBXBuildFile; fileRef = D3A1848B1ED2D54700447F87 /* Assets.xcassets */; };
		D3A1848F1ED2D54700447F87 /* LaunchScreen.storyboard in Resources */ = {isa = PBXBuildFile; fileRef = D3A1848D1ED2D54700447F87 /* LaunchScreen.storyboard */; };
/* End PBXBuildFile section */

/* Begin PBXFileReference section */
		D3A1847C1ED2D54600447F87 /* STTextView.app */ = {isa = PBXFileReference; explicitFileType = wrapper.application; includeInIndex = 0; path = STTextView.app; sourceTree = BUILT_PRODUCTS_DIR; };
		D3A184801ED2D54600447F87 /* main.m */ = {isa = PBXFileReference; lastKnownFileType = sourcecode.c.objc; path = main.m; sourceTree = "<group>"; };
		D3A184821ED2D54600447F87 /* AppDelegate.h */ = {isa = PBXFileReference; lastKnownFileType = sourcecode.c.h; path = AppDelegate.h; sourceTree = "<group>"; };
		D3A184831ED2D54600447F87 /* AppDelegate.m */ = {isa = PBXFileReference; lastKnownFileType = sourcecode.c.objc; path = AppDelegate.m; sourceTree = "<group>"; };
		D3A184851ED2D54600447F87 /* ViewController.h */ = {isa = PBXFileReference; lastKnownFileType = sourcecode.c.h; path = ViewController.h; sourceTree = "<group>"; };
		D3A184861ED2D54600447F87 /* ViewController.m */ = {isa = PBXFileReference; lastKnownFileType = sourcecode.c.objc; path = ViewController.m; sourceTree = "<group>"; };
		D3A184891ED2D54600447F87 /* Base */ = {isa = PBXFileReference; lastKnownFileType = file.storyboard; name = Base; path = Base.lproj/Main.storyboard; sourceTree = "<group>"; };
		D3A1848B1ED2D54700447F87 /* Assets.xcassets */ = {isa = PBXFileReference; lastKnownFileType = folder.assetcatalog; path = Assets.xcassets; sourceTree = "<group>"; };
		D3A1848E1ED2D54700447F87 /* Base */ = {isa = PBXFileReference; lastKnownFileType = file.storyboard; name = Base; path = Base.lproj/LaunchScreen.storyboard; sourceTree = "<group>"; };
		D3A184901ED2D54700447F87 /* Info.plist */ = {isa = PBXFileReference; lastKnownFileType = text.plist.xml; path = Info.plist; sourceTree = "<group>"; };
/* End PBXFileReference section */

/* Begin PBXFrameworksBuildPhase section */
		D3A184791ED2D54600447F87 /* Frameworks */ = {
			isa = PBXFrameworksBuildPhase;
			buildActionMask = 2147483647;
			files = (
			);
			runOnlyForDeploymentPostprocessing = 0;
		};
/* End PBXFrameworksBuildPhase section */

/* Begin PBXGroup section */
		D3A184731ED2D54600447F87 = {
			isa = PBXGroup;
			children = (
				D3A1847E1ED2D54600447F87 /* STTextView */,
				D3A1847D1ED2D54600447F87 /* Products */,
			);
			sourceTree = "<group>";
		};
		D3A1847D1ED2D54600447F87 /* Products */ = {
			isa = PBXGroup;
			children = (
				D3A1847C1ED2D54600447F87 /* STTextView.app */,
			);
			name = Products;
			sourceTree = "<group>";
		};
		D3A1847E1ED2D54600447F87 /* STTextView */ = {
			isa = PBXGroup;
			children = (
				D3A184821ED2D54600447F87 /* AppDelegate.h */,
				D3A184831ED2D54600447F87 /* AppDelegate.m */,
				D3A184851ED2D54600447F87 /* ViewController.h */,
				D3A184861ED2D54600447F87 /* ViewController.m */,
				D3A184881ED2D54600447F87 /* Main.storyboard */,
				D3A1848B1ED2D54700447F87 /* Assets.xcassets */,
				D3A1848D1ED2D54700447F87 /* LaunchScreen.storyboard */,
				D3A184901ED2D54700447F87 /* Info.plist */,
				D3A1847F1ED2D54600447F87 /* Supporting Files */,
			);
			path = STTextView;
			sourceTree = "<group>";
		};
		D3A1847F1ED2D54600447F87 /* Supporting Files */ = {
			isa = PBXGroup;
			children = (
				D3A184801ED2D54600447F87 /* main.m */,
			);
			name = "Supporting Files";
			sourceTree = "<group>";
		};
/* End PBXGroup section */

/* Begin PBXNativeTarget section */
		D3A1847B1ED2D54600447F87 /* STTextView */ = {
			isa = PBXNativeTarget;
			buildConfigurationList = D3A184931ED2D54700447F87 /* Build configuration list for PBXNativeTarget "STTextView" */;
			buildPhases = (
				D3A184781ED2D54600447F87 /* Sources */,
				D3A184791ED2D54600447F87 /* Frameworks */,
				D3A1847A1ED2D54600447F87 /* Resources */,
			);
			buildRules = (
			);
			dependencies = (
			);
			name = STTextView;
			productName = STTextView;
			productReference = D3A1847C1ED2D54600447F87 /* STTextView.app */;
			productType = "com.apple.product-type.application";
		};
/* End PBXNativeTarget section */

/* Begin PBXProject section */
		D3A184741ED2D54600447F87 /* Project object */ = {
			isa = PBXProject;
			attributes = {
				LastUpgradeCheck = 0820;
				ORGANIZATIONNAME = StriEver;
				TargetAttributes = {
					D3A1847B1ED2D54600447F87 = {
						CreatedOnToolsVersion = 8.2.1;
						DevelopmentTeam = 5B83538JM2;
						ProvisioningStyle = Automatic;
					};
				};
			};
			buildConfigurationList = D3A184771ED2D54600447F87 /* Build configuration list for PBXProject "STTextView" */;
			compatibilityVersion = "Xcode 3.2";
			developmentRegion = English;
			hasScannedForEncodings = 0;
			knownRegions = (
				en,
				Base,
			);
			mainGroup = D3A184731ED2D54600447F87;
			productRefGroup = D3A1847D1ED2D54600447F87 /* Products */;
			projectDirPath = "";
			projectRoot = "";
			targets = (
				D3A1847B1ED2D54600447F87 /* STTextView */,
			);
		};
/* End PBXProject section */

/* Begin PBXResourcesBuildPhase section */
		D3A1847A1ED2D54600447F87 /* Resources */ = {
			isa = PBXResourcesBuildPhase;
			buildActionMask = 2147483647;
			files = (
				D3A1848F1ED2D54700447F87 /* LaunchScreen.storyboard in Resources */,
				D3A1848C1ED2D54700447F87 /* Assets.xcassets in Resources */,
				D3A1848A1ED2D54600447F87 /* Main.storyboard in Resources */,
			);
			runOnlyForDeploymentPostprocessing = 0;
		};
/* End PBXResourcesBuildPhase section */

/* Begin PBXSourcesBuildPhase section */
		D3A184781ED2D54600447F87 /* Sources */ = {
			isa = PBXSourcesBuildPhase;
			buildActionMask = 2147483647;
			files = (
				D3A184871ED2D54600447F87 /* ViewController.m in Sources */,
				D3A184841ED2D54600447F87 /* AppDelegate.m in Sources */,
				D3A184811ED2D54600447F87 /* main.m in Sources */,
			);
			runOnlyForDeploymentPostprocessing = 0;
		};
/* End PBXSourcesBuildPhase section */

/* Begin PBXVariantGroup section */
		D3A184881ED2D54600447F87 /* Main.storyboard */ = {
			isa = PBXVariantGroup;
			children = (
				D3A184891ED2D54600447F87 /* Base */,
			);
			name = Main.storyboard;
			sourceTree = "<group>";
		};
		D3A1848D1ED2D54700447F87 /* LaunchScreen.storyboard */ = {
			isa = PBXVariantGroup;
			children = (
				D3A1848E1ED2D54700447F87 /* Base */,
			);
			name = LaunchScreen.storyboard;
			sourceTree = "<group>";
		};
/* End PBXVariantGroup section */

/* Begin XCBuildConfiguration section */
		D3A184911ED2D54700447F87 /* Debug */ = {
			isa = XCBuildConfiguration;
			buildSettings = {
				ALWAYS_SEARCH_USER_PATHS = NO;
				CLANG_ANALYZER_NONNULL = YES;
				CLANG_CXX_LANGUAGE_STANDARD = "gnu++0x";
				CLANG_CXX_LIBRARY = "libc++";
				CLANG_ENABLE_MODULES = YES;
				CLANG_ENABLE_OBJC_ARC = YES;
				CLANG_WARN_BOOL_CONVERSION = YES;
				CLANG_WARN_CONSTANT_CONVERSION = YES;
				CLANG_WARN_DIRECT_OBJC_ISA_USAGE = YES_ERROR;
				CLANG_WARN_DOCUMENTATION_COMMENTS = YES;
				CLANG_WARN_EMPTY_BODY = YES;
				CLANG_WARN_ENUM_CONVERSION = YES;
				CLANG_WARN_INFINITE_RECURSION = YES;
				CLANG_WARN_INT_CONVERSION = YES;
				CLANG_WARN_OBJC_ROOT_CLASS = YES_ERROR;
				CLANG_WARN_SUSPICIOUS_MOVE = YES;
				CLANG_WARN_UNREACHABLE_CODE = YES;
				CLANG_WARN__DUPLICATE_METHOD_MATCH = YES;
				"CODE_SIGN_IDENTITY[sdk=iphoneos*]" = "iPhone Developer";
				COPY_PHASE_STRIP = NO;
				DEBUG_INFORMATION_FORMAT = dwarf;
				ENABLE_STRICT_OBJC_MSGSEND = YES;
				ENABLE_TESTABILITY = YES;
				GCC_C_LANGUAGE_STANDARD = gnu99;
				GCC_DYNAMIC_NO_PIC = NO;
				GCC_NO_COMMON_BLOCKS = YES;
				GCC_OPTIMIZATION_LEVEL = 0;
				GCC_PREPROCESSOR_DEFINITIONS = (
					"DEBUG=1",
					"$(inherited)",
				);
				GCC_WARN_64_TO_32_BIT_CONVERSION = YES;
				GCC_WARN_ABOUT_RETURN_TYPE = YES_ERROR;
				GCC_WARN_UNDECLARED_SELECTOR = YES;
				GCC_WARN_UNINITIALIZED_AUTOS = YES_AGGRESSIVE;
				GCC_WARN_UNUSED_FUNCTION = YES;
				GCC_WARN_UNUSED_VARIABLE = YES;
				IPHONEOS_DEPLOYMENT_TARGET = 10.2;
				MTL_ENABLE_DEBUG_INFO = YES;
				ONLY_ACTIVE_ARCH = YES;
				SDKROOT = iphoneos;
			};
			name = Debug;
		};
		D3A184921ED2D54700447F87 /* Release */ = {
			isa = XCBuildConfiguration;
			buildSettings = {
				ALWAYS_SEARCH_USER_PATHS = NO;
				CLANG_ANALYZER_NONNULL = YES;
				CLANG_CXX_LANGUAGE_STANDARD = "gnu++0x";
				CLANG_CXX_LIBRARY = "libc++";
				CLANG_ENABLE_MODULES = YES;
				CLANG_ENABLE_OBJC_ARC = YES;
				CLANG_WARN_BOOL_CONVERSION = YES;
				CLANG_WARN_CONSTANT_CONVERSION = YES;
				CLANG_WARN_DIRECT_OBJC_ISA_USAGE = YES_ERROR;
				CLANG_WARN_DOCUMENTATION_COMMENTS = YES;
				CLANG_WARN_EMPTY_BODY = YES;
				CLANG_WARN_ENUM_CONVERSION = YES;
				CLANG_WARN_INFINITE_RECURSION = YES;
				CLANG_WARN_INT_CONVERSION = YES;
				CLANG_WARN_OBJC_ROOT_CLASS = YES_ERROR;
				CLANG_WARN_SUSPICIOUS_MOVE = YES;
				CLANG_WARN_UNREACHABLE_CODE = YES;
				CLANG_WARN__DUPLICATE_METHOD_MATCH = YES;
				"CODE_SIGN_IDENTITY[sdk=iphoneos*]" = "iPhone Developer";
				COPY_PHASE_STRIP = NO;
				DEBUG_INFORMATION_FORMAT = "dwarf-with-dsym";
				ENABLE_NS_ASSERTIONS = NO;
				ENABLE_STRICT_OBJC_MSGSEND = YES;
				GCC_C_LANGUAGE_STANDARD = gnu99;
				GCC_NO_COMMON_BLOCKS = YES;
				GCC_WARN_64_TO_32_BIT_CONVERSION = YES;
				GCC_WARN_ABOUT_RETURN_TYPE = YES_ERROR;
				GCC_WARN_UNDECLARED_SELECTOR = YES;
				GCC_WARN_UNINITIALIZED_AUTOS = YES_AGGRESSIVE;
				GCC_WARN_UNUSED_FUNCTION = YES;
				GCC_WARN_UNUSED_VARIABLE = YES;
				IPHONEOS_DEPLOYMENT_TARGET = 10.2;
				MTL_ENABLE_DEBUG_INFO = NO;
				SDKROOT = iphoneos;
				VALIDATE_PRODUCT = YES;
			};
			name = Release;
		};
		D3A184941ED2D54700447F87 /* Debug */ = {
			isa = XCBuildConfiguration;
			buildSettings = {
				ASSETCATALOG_COMPILER_APPICON_NAME = AppIcon;
				DEVELOPMENT_TEAM = 5B83538JM2;
				INFOPLIST_FILE = STTextView/Info.plist;
				LD_RUNPATH_SEARCH_PATHS = "$(inherited) @executable_path/Frameworks";
				PRODUCT_BUNDLE_IDENTIFIER = com.igancao.www.STTextView;
				PRODUCT_NAME = "$(TARGET_NAME)";
			};
			name = Debug;
		};
		D3A184951ED2D54700447F87 /* Release */ = {
			isa = XCBuildConfiguration;
			buildSettings = {
				ASSETCATALOG_COMPILER_APPICON_NAME = AppIcon;
				DEVELOPMENT_TEAM = 5B83538JM2;
				INFOPLIST_FILE = STTextView/Info.plist;
				LD_RUNPATH_SEARCH_PATHS = "$(inherited) @executable_path/Frameworks";
				PRODUCT_BUNDLE_IDENTIFIER = com.igancao.www.STTextView;
				PRODUCT_NAME = "$(TARGET_NAME)";
			};
			name = Release;
		};
/* End XCBuildConfiguration section */

/* Begin XCConfigurationList section */
		D3A184771ED2D54600447F87 /* Build configuration list for PBXProject "STTextView" */ = {
			isa = XCConfigurationList;
			buildConfigurations = (
				D3A184911ED2D54700447F87 /* Debug */,
				D3A184921ED2D54700447F87 /* Release */,
			);
			defaultConfigurationIsVisible = 0;
			defaultConfigurationName = Release;
		};
		D3A184931ED2D54700447F87 /* Build configuration list for PBXNativeTarget "STTextView" */ = {
			isa = XCConfigurationList;
			buildConfigurations = (
				D3A184941ED2D54700447F87 /* Debug */,
				D3A184951ED2D54700447F87 /* Release */,
			);
			defaultConfigurationIsVisible = 0;
		};
/* End XCConfigurationList section */
	};
	rootObject = D3A184741ED2D54600447F87 /* Project object */;
}
